// !$*UTF8*$!
{
	archiveVersion = 1;
	classes = {
	};
	objectVersion = 77;
	objects = {

/* Begin PBXBuildFile section */
		2B0000012FA4000000000001 /* TVRemoteCore in Frameworks */ = {isa = PBXBuildFile; productRef = 2B0000102FA4000000000001 /* TVRemoteCore */; };
		2B0000022FA4000000000001 /* TVRemoteNetworking in Frameworks */ = {isa = PBXBuildFile; productRef = 2B0000112FA4000000000001 /* TVRemoteNetworking */; };
		2B0000032FA4000000000001 /* TVRemoteCore in Frameworks */ = {isa = PBXBuildFile; productRef = 2B0000102FA4000000000001 /* TVRemoteCore */; };
		2B0000042FA4000000000001 /* TVRemoteNetworking in Frameworks */ = {isa = PBXBuildFile; productRef = 2B0000112FA4000000000001 /* TVRemoteNetworking */; };
/* End PBXBuildFile section */

/* Begin PBXContainerItemProxy section */
		2B476F942FA331D60003AC16 /* PBXContainerItemProxy */ = {
			isa = PBXContainerItemProxy;
			containerPortal = 2B476F7E2FA331D40003AC16 /* Project object */;
			proxyType = 1;
			remoteGlobalIDString = 2B476F852FA331D40003AC16;
			remoteInfo = TVRemoteController;
		};
		2B476F9E2FA331D60003AC16 /* PBXContainerItemProxy */ = {
			isa = PBXContainerItemProxy;
			containerPortal = 2B476F7E2FA331D40003AC16 /* Project object */;
			proxyType = 1;
			remoteGlobalIDString = 2B476F852FA331D40003AC16;
			remoteInfo = TVRemoteController;
		};
/* End PBXContainerItemProxy section */

/* Begin PBXFileReference section */
		2B476F862FA331D40003AC16 /* TVRemoteController.app */ = {isa = PBXFileReference; explicitFileType = wrapper.application; includeInIndex = 0; path = TVRemoteController.app; sourceTree = BUILT_PRODUCTS_DIR; };
		2B476F932FA331D60003AC16 /* TVRemoteControllerTests.xctest */ = {isa = PBXFileReference; explicitFileType = wrapper.cfbundle; includeInIndex = 0; path = TVRemoteControllerTests.xctest; sourceTree = BUILT_PRODUCTS_DIR; };
		2B476F9D2FA331D60003AC16 /* TVRemoteControllerUITests.xctest */ = {isa = PBXFileReference; explicitFileType = wrapper.cfbundle; includeInIndex = 0; path = TVRemoteControllerUITests.xctest; sourceTree = BUILT_PRODUCTS_DIR; };
/* End PBXFileReference section */

/* Begin PBXFileSystemSynchronizedBuildFileExceptionSet section */
		2B476FB02FA331D60003AC16 /* Exceptions for "TVRemoteController" folder in "TVRemoteController" target */ = {
			isa = PBXFileSystemSynchronizedBuildFileExceptionSet;
			membershipExceptions = (
				Info.plist,
			);
			target = 2B476F852FA331D40003AC16 /* TVRemoteController */;
		};
/* End PBXFileSystemSynchronizedBuildFileExceptionSet section */

/* Begin PBXFileSystemSynchronizedRootGroup section */
		2B476F882FA331D40003AC16 /* TVRemoteController */ = {
			isa = PBXFileSystemSynchronizedRootGroup;
			exceptions = (
				2B476FB02FA331D60003AC16 /* Exceptions for "TVRemoteController" folder in "TVRemoteController" target */,
			);
			path = TVRemoteController;
			sourceTree = "<group>";
		};
		2B476F962FA331D60003AC16 /* TVRemoteControllerTests */ = {
			isa = PBXFileSystemSynchronizedRootGroup;
			path = TVRemoteControllerTests;
			sourceTree = "<group>";
		};
		2B476FA02FA331D60003AC16 /* TVRemoteControllerUITests */ = {
			isa = PBXFileSystemSynchronizedRootGroup;
			path = TVRemoteControllerUITests;
			sourceTree = "<group>";
		};
/* End PBXFileSystemSynchronizedRootGroup section */

/* Begin PBXFrameworksBuildPhase section */
		2B476F832FA331D40003AC16 /* Frameworks */ = {
			isa = PBXFrameworksBuildPhase;
			buildActionMask = 2147483647;
			files = (
				2B0000012FA4000000000001 /* TVRemoteCore in Frameworks */,
				2B0000022FA4000000000001 /* TVRemoteNetworking in Frameworks */,
			);
			runOnlyForDeploymentPostprocessing = 0;
		};
		2B476F902FA331D60003AC16 /* Frameworks */ = {
			isa = PBXFrameworksBuildPhase;
			buildActionMask = 2147483647;
			files = (
				2B0000032FA4000000000001 /* TVRemoteCore in Frameworks */,
				2B0000042FA4000000000001 /* TVRemoteNetworking in Frameworks */,
			);
			runOnlyForDeploymentPostprocessing = 0;
		};
		2B476F9A2FA331D60003AC16 /* Frameworks */ = {
			isa = PBXFrameworksBuildPhase;
			buildActionMask = 2147483647;
			files = (
			);
			runOnlyForDeploymentPostprocessing = 0;
		};
/* End PBXFrameworksBuildPhase section */

/* Begin PBXGroup section */
		2B476F7D2FA331D40003AC16 = {
			isa = PBXGroup;
			children = (
				2B476F882FA331D40003AC16 /* TVRemoteController */,
				2B476F962FA331D60003AC16 /* TVRemoteControllerTests */,
				2B476FA02FA331D60003AC16 /* TVRemoteControllerUITests */,
				2B476F872FA331D40003AC16 /* Products */,
			);
			sourceTree = "<group>";
		};
		2B476F872FA331D40003AC16 /* Products */ = {
			isa = PBXGroup;
			children = (
				2B476F862FA331D40003AC16 /* TVRemoteController.app */,
				2B476F932FA331D60003AC16 /* TVRemoteControllerTests.xctest */,
				2B476F9D2FA331D60003AC16 /* TVRemoteControllerUITests.xctest */,
			);
			name = Products;
			sourceTree = "<group>";
		};
/* End PBXGroup section */

/* Begin PBXNativeTarget section */
		2B476F852FA331D40003AC16 /* TVRemoteController */ = {
			isa = PBXNativeTarget;
			buildConfigurationList = 2B476FA72FA331D60003AC16 /* Build configuration list for PBXNativeTarget "TVRemoteController" */;
			buildPhases = (
				2B476F822FA331D40003AC16 /* Sources */,
				2B476F832FA331D40003AC16 /* Frameworks */,
				2B476F842FA331D40003AC16 /* Resources */,
			);
			buildRules = (
			);
			dependencies = (
			);
			fileSystemSynchronizedGroups = (
				2B476F882FA331D40003AC16 /* TVRemoteController */,
			);
			name = TVRemoteController;
			packageProductDependencies = (
				2B0000102FA4000000000001 /* TVRemoteCore */,
				2B0000112FA4000000000001 /* TVRemoteNetworking */,
			);
			productName = TVRemoteController;
			productReference = 2B476F862FA331D40003AC16 /* TVRemoteController.app */;
			productType = "com.apple.product-type.application";
		};
		2B476F922FA331D60003AC16 /* TVRemoteControllerTests */ = {
			isa = PBXNativeTarget;
			buildConfigurationList = 2B476FAA2FA331D60003AC16 /* Build configuration list for PBXNativeTarget "TVRemoteControllerTests" */;
			buildPhases = (
				2B476F8F2FA331D60003AC16 /* Sources */,
				2B476F902FA331D60003AC16 /* Frameworks */,
				2B476F912FA331D60003AC16 /* Resources */,
			);
			buildRules = (
			);
			dependencies = (
				2B476F952FA331D60003AC16 /* PBXTargetDependency */,
			);
			fileSystemSynchronizedGroups = (
				2B476F962FA331D60003AC16 /* TVRemoteControllerTests */,
			);
			name = TVRemoteControllerTests;
			packageProductDependencies = (
				2B0000102FA4000000000001 /* TVRemoteCore */,
				2B0000112FA4000000000001 /* TVRemoteNetworking */,
			);
			productName = TVRemoteControllerTests;
			productReference = 2B476F932FA331D60003AC16 /* TVRemoteControllerTests.xctest */;
			productType = "com.apple.product-type.bundle.unit-test";
		};
		2B476F9C2FA331D60003AC16 /* TVRemoteControllerUITests */ = {
			isa = PBXNativeTarget;
			buildConfigurationList = 2B476FAD2FA331D60003AC16 /* Build configuration list for PBXNativeTarget "TVRemoteControllerUITests" */;
			buildPhases = (
				2B476F992FA331D60003AC16 /* Sources */,
				2B476F9A2FA331D60003AC16 /* Frameworks */,
				2B476F9B2FA331D60003AC16 /* Resources */,
			);
			buildRules = (
			);
			dependencies = (
				2B476F9F2FA331D60003AC16 /* PBXTargetDependency */,
			);
			fileSystemSynchronizedGroups = (
				2B476FA02FA331D60003AC16 /* TVRemoteControllerUITests */,
			);
			name = TVRemoteControllerUITests;
			packageProductDependencies = (
			);
			productName = TVRemoteControllerUITests;
			productReference = 2B476F9D2FA331D60003AC16 /* TVRemoteControllerUITests.xctest */;
			productType = "com.apple.product-type.bundle.ui-testing";
		};
/* End PBXNativeTarget section */

/* Begin PBXProject section */
		2B476F7E2FA331D40003AC16 /* Project object */ = {
			isa = PBXProject;
			attributes = {
				BuildIndependentTargetsInParallel = 1;
				LastSwiftUpdateCheck = 2600;
				LastUpgradeCheck = 2600;
				TargetAttributes = {
					2B476F852FA331D40003AC16 = {
						CreatedOnToolsVersion = 26.0;
					};
					2B476F922FA331D60003AC16 = {
						CreatedOnToolsVersion = 26.0;
						TestTargetID = 2B476F852FA331D40003AC16;
					};
					2B476F9C2FA331D60003AC16 = {
						CreatedOnToolsVersion = 26.0;
						TestTargetID = 2B476F852FA331D40003AC16;
					};
				};
			};
			buildConfigurationList = 2B476F812FA331D40003AC16 /* Build configuration list for PBXProject "TVRemoteController" */;
			developmentRegion = en;
			hasScannedForEncodings = 0;
			knownRegions = (
				en,
				Base,
			);
			mainGroup = 2B476F7D2FA331D40003AC16;
			minimizedProjectReferenceProxies = 1;
			packageReferences = (
				2B0000202FA4000000000001 /* XCLocalSwiftPackageReference "Packages/TVRemoteModules" */,
			);
			preferredProjectObjectVersion = 77;
			productRefGroup = 2B476F872FA331D40003AC16 /* Products */;
			projectDirPath = "";
			projectRoot = "";
			targets = (
				2B476F852FA331D40003AC16 /* TVRemoteController */,
				2B476F922FA331D60003AC16 /* TVRemoteControllerTests */,
				2B476F9C2FA331D60003AC16 /* TVRemoteControllerUITests */,
			);
		};
/* End PBXProject section */

/* Begin PBXResourcesBuildPhase section */
		2B476F842FA331D40003AC16 /* Resources */ = {
			isa = PBXResourcesBuildPhase;
			buildActionMask = 2147483647;
			files = (
			);
			runOnlyForDeploymentPostprocessing = 0;
		};
		2B476F912FA331D60003AC16 /* Resources */ = {
			isa = PBXResourcesBuildPhase;
			buildActionMask = 2147483647;
			files = (
			);
			runOnlyForDeploymentPostprocessing = 0;
		};
		2B476F9B2FA331D60003AC16 /* Resources */ = {
			isa = PBXResourcesBuildPhase;
			buildActionMask = 2147483647;
			files = (
			);
			runOnlyForDeploymentPostprocessing = 0;
		};
/* End PBXResourcesBuildPhase section */

/* Begin PBXSourcesBuildPhase section */
		2B476F822FA331D40003AC16 /* Sources */ = {
			isa = PBXSourcesBuildPhase;
			buildActionMask = 2147483647;
			files = (
			);
			runOnlyForDeploymentPostprocessing = 0;
		};
		2B476F8F2FA331D60003AC16 /* Sources */ = {
			isa = PBXSourcesBuildPhase;
			buildActionMask = 2147483647;
			files = (
			);
			runOnlyForDeploymentPostprocessing = 0;
		};
		2B476F992FA331D60003AC16 /* Sources */ = {
			isa = PBXSourcesBuildPhase;
			buildActionMask = 2147483647;
			files = (
			);
			runOnlyForDeploymentPostprocessing = 0;
		};
/* End PBXSourcesBuildPhase section */

/* Begin PBXTargetDependency section */
		2B476F952FA331D60003AC16 /* PBXTargetDependency */ = {
			isa = PBXTargetDependency;
			target = 2B476F852FA331D40003AC16 /* TVRemoteController */;
			targetProxy = 2B476F942FA331D60003AC16 /* PBXContainerItemProxy */;
		};
		2B476F9F2FA331D60003AC16 /* PBXTargetDependency */ = {
			isa = PBXTargetDependency;
			target = 2B476F852FA331D40003AC16 /* TVRemoteController */;
			targetProxy = 2B476F9E2FA331D60003AC16 /* PBXContainerItemProxy */;
		};
/* End PBXTargetDependency section */

/* Begin XCBuildConfiguration section */
		2B476FA52FA331D60003AC16 /* Debug */ = {
			isa = XCBuildConfiguration;
			buildSettings = {
				ALWAYS_SEARCH_USER_PATHS = NO;
				ASSETCATALOG_COMPILER_GENERATE_SWIFT_ASSET_SYMBOL_EXTENSIONS = YES;
				CLANG_ANALYZER_NONNULL = YES;
				CLANG_ANALYZER_NUMBER_OBJECT_CONVERSION = YES_AGGRESSIVE;
				CLANG_CXX_LANGUAGE_STANDARD = "gnu++20";
				CLANG_ENABLE_MODULES = YES;
				CLANG_ENABLE_OBJC_ARC = YES;
				CLANG_ENABLE_OBJC_WEAK = YES;
				CLANG_WARN_BLOCK_CAPTURE_AUTORELEASING = YES;
				CLANG_WARN_BOOL_CONVERSION = YES;
				CLANG_WARN_COMMA = YES;
				CLANG_WARN_CONSTANT_CONVERSION = YES;
				CLANG_WARN_DEPRECATED_OBJC_IMPLEMENTATIONS = YES;
				CLANG_WARN_DIRECT_OBJC_ISA_USAGE = YES_ERROR;
				CLANG_WARN_DOCUMENTATION_COMMENTS = YES;
				CLANG_WARN_EMPTY_BODY = YES;
				CLANG_WARN_ENUM_CONVERSION = YES;
				CLANG_WARN_INFINITE_RECURSION = YES;
				CLANG_WARN_INT_CONVERSION = YES;
				CLANG_WARN_NON_LITERAL_NULL_CONVERSION = YES;
				CLANG_WARN_OBJC_IMPLICIT_RETAIN_SELF = YES;
				CLANG_WARN_OBJC_LITERAL_CONVERSION = YES;
				CLANG_WARN_OBJC_ROOT_CLASS = YES_ERROR;
				CLANG_WARN_QUOTED_INCLUDE_IN_FRAMEWORK_HEADER = YES;
				CLANG_WARN_RANGE_LOOP_ANALYSIS = YES;
				CLANG_WARN_STRICT_PROTOTYPES = YES;
				CLANG_WARN_SUSPICIOUS_MOVE = YES;
				CLANG_WARN_UNGUARDED_AVAILABILITY = YES_AGGRESSIVE;
				CLANG_WARN_UNREACHABLE_CODE = YES;
				CLANG_WARN__DUPLICATE_METHOD_MATCH = YES;
				COPY_PHASE_STRIP = NO;
				DEBUG_INFORMATION_FORMAT = dwarf;
				DEVELOPMENT_TEAM = LSBVPJ7WRY;
				ENABLE_STRICT_OBJC_MSGSEND = YES;
				ENABLE_TESTABILITY = YES;
				ENABLE_USER_SCRIPT_SANDBOXING = YES;
				GCC_C_LANGUAGE_STANDARD = gnu17;
				GCC_DYNAMIC_NO_PIC = NO;
				GCC_NO_COMMON_BLOCKS = YES;
				GCC_OPTIMIZATION_LEVEL = 0;
				GCC_PREPROCESSOR_DEFINITIONS = (
					"DEBUG=1",
					"$(inherited)",
				);
				GCC_WARN_64_TO_32_BIT_CONVERSION = YES;
				GCC_WARN_ABOUT_RETURN_TYPE = YES_ERROR;
				GCC_WARN_UNDECLARED_SELECTOR = YES;
				GCC_WARN_UNINITIALIZED_AUTOS = YES_AGGRESSIVE;
				GCC_WARN_UNUSED_FUNCTION = YES;
				GCC_WARN_UNUSED_VARIABLE = YES;
				IPHONEOS_DEPLOYMENT_TARGET = 18.0;
				LOCALIZATION_PREFERS_STRING_CATALOGS = YES;
				MTL_ENABLE_DEBUG_INFO = INCLUDE_SOURCE;
				MTL_FAST_MATH = YES;
				ONLY_ACTIVE_ARCH = YES;
				SDKROOT = iphoneos;
				SWIFT_ACTIVE_COMPILATION_CONDITIONS = "DEBUG $(inherited)";
				SWIFT_OPTIMIZATION_LEVEL = "-Onone";
			};
			name = Debug;
		};
		2B476FA62FA331D60003AC16 /* Release */ = {
			isa = XCBuildConfiguration;
			buildSettings = {
				ALWAYS_SEARCH_USER_PATHS = NO;
				ASSETCATALOG_COMPILER_GENERATE_SWIFT_ASSET_SYMBOL_EXTENSIONS = YES;
				CLANG_ANALYZER_NONNULL = YES;
				CLANG_ANALYZER_NUMBER_OBJECT_CONVERSION = YES_AGGRESSIVE;
				CLANG_CXX_LANGUAGE_STANDARD = "gnu++20";
				CLANG_ENABLE_MODULES = YES;
				CLANG_ENABLE_OBJC_ARC = YES;
				CLANG_ENABLE_OBJC_WEAK = YES;
				CLANG_WARN_BLOCK_CAPTURE_AUTORELEASING = YES;
				CLANG_WARN_BOOL_CONVERSION = YES;
				CLANG_WARN_COMMA = YES;
				CLANG_WARN_CONSTANT_CONVERSION = YES;
				CLANG_WARN_DEPRECATED_OBJC_IMPLEMENTATIONS = YES;
				CLANG_WARN_DIRECT_OBJC_ISA_USAGE = YES_ERROR;
				CLANG_WARN_DOCUMENTATION_COMMENTS = YES;
				CLANG_WARN_EMPTY_BODY = YES;
				CLANG_WARN_ENUM_CONVERSION = YES;
				CLANG_WARN_INFINITE_RECURSION = YES;
				CLANG_WARN_INT_CONVERSION = YES;
				CLANG_WARN_NON_LITERAL_NULL_CONVERSION = YES;
				CLANG_WARN_OBJC_IMPLICIT_RETAIN_SELF = YES;
				CLANG_WARN_OBJC_LITERAL_CONVERSION = YES;
				CLANG_WARN_OBJC_ROOT_CLASS = YES_ERROR;
				CLANG_WARN_QUOTED_INCLUDE_IN_FRAMEWORK_HEADER = YES;
				CLANG_WARN_RANGE_LOOP_ANALYSIS = YES;
				CLANG_WARN_STRICT_PROTOTYPES = YES;
				CLANG_WARN_SUSPICIOUS_MOVE = YES;
				CLANG_WARN_UNGUARDED_AVAILABILITY = YES_AGGRESSIVE;
				CLANG_WARN_UNREACHABLE_CODE = YES;
				CLANG_WARN__DUPLICATE_METHOD_MATCH = YES;
				COPY_PHASE_STRIP = NO;
				DEBUG_INFORMATION_FORMAT = "dwarf-with-dsym";
				DEVELOPMENT_TEAM = LSBVPJ7WRY;
				ENABLE_NS_ASSERTIONS = NO;
				ENABLE_STRICT_OBJC_MSGSEND = YES;
				ENABLE_USER_SCRIPT_SANDBOXING = YES;
				GCC_C_LANGUAGE_STANDARD = gnu17;
				GCC_NO_COMMON_BLOCKS = YES;
				GCC_WARN_64_TO_32_BIT_CONVERSION = YES;
				GCC_WARN_ABOUT_RETURN_TYPE = YES_ERROR;
				GCC_WARN_UNDECLARED_SELECTOR = YES;
				GCC_WARN_UNINITIALIZED_AUTOS = YES_AGGRESSIVE;
				GCC_WARN_UNUSED_FUNCTION = YES;
				GCC_WARN_UNUSED_VARIABLE = YES;
				IPHONEOS_DEPLOYMENT_TARGET = 18.0;
				LOCALIZATION_PREFERS_STRING_CATALOGS = YES;
				MTL_ENABLE_DEBUG_INFO = NO;
				MTL_FAST_MATH = YES;
				SDKROOT = iphoneos;
				SWIFT_COMPILATION_MODE = wholemodule;
				VALIDATE_PRODUCT = YES;
			};
			name = Release;
		};
		2B476FA82FA331D60003AC16 /* Debug */ = {
			isa = XCBuildConfiguration;
			buildSettings = {
				ASSETCATALOG_COMPILER_APPICON_NAME = AppIcon;
				ASSETCATALOG_COMPILER_GLOBAL_ACCENT_COLOR_NAME = AccentColor;
				CODE_SIGN_ENTITLEMENTS = TVRemoteController/TVRemoteController.entitlements;
				CODE_SIGN_IDENTITY = "Apple Development";
				CODE_SIGN_STYLE = Automatic;
				CURRENT_PROJECT_VERSION = 10;
				DEVELOPMENT_TEAM = LSBVPJ7WRY;
				ENABLE_PREVIEWS = YES;
				GENERATE_INFOPLIST_FILE = NO;
				INFOPLIST_FILE = TVRemoteController/Info.plist;
				INFOPLIST_KEY_LSApplicationCategoryType = "public.app-category.utilities";
				LD_RUNPATH_SEARCH_PATHS = (
					"$(inherited)",
					"@executable_path/Frameworks",
				);
				MARKETING_VERSION = 1.0.5;
				PRODUCT_BUNDLE_IDENTIFIER = com.perry.tvremotecontrol;
				PRODUCT_MODULE_NAME = TVRemoteController;
				PRODUCT_NAME = TVRemoteController;
				PROVISIONING_PROFILE_SPECIFIER = "";
				STRING_CATALOG_GENERATE_SYMBOLS = YES;
				SWIFT_APPROACHABLE_CONCURRENCY = YES;
				SWIFT_DEFAULT_ACTOR_ISOLATION = MainActor;
				SWIFT_EMIT_LOC_STRINGS = YES;
				SWIFT_UPCOMING_FEATURE_MEMBER_IMPORT_VISIBILITY = YES;
				SWIFT_VERSION = 5.0;
				TARGETED_DEVICE_FAMILY = 1;
			};
			name = Debug;
		};
		2B476FA92FA331D60003AC16 /* Release */ = {
			isa = XCBuildConfiguration;
			buildSettings = {
				ASSETCATALOG_COMPILER_APPICON_NAME = AppIcon;
				ASSETCATALOG_COMPILER_GLOBAL_ACCENT_COLOR_NAME = AccentColor;
				CODE_SIGN_ENTITLEMENTS = TVRemoteController/TVRemoteController.entitlements;
				CODE_SIGN_IDENTITY = "Apple Development";
				CODE_SIGN_STYLE = Automatic;
				CURRENT_PROJECT_VERSION = 10;
				DEVELOPMENT_TEAM = LSBVPJ7WRY;
				ENABLE_PREVIEWS = YES;
				GENERATE_INFOPLIST_FILE = NO;
				INFOPLIST_FILE = TVRemoteController/Info.plist;
				INFOPLIST_KEY_LSApplicationCategoryType = "public.app-category.utilities";
				LD_RUNPATH_SEARCH_PATHS = (
					"$(inherited)",
					"@executable_path/Frameworks",
				);
				MARKETING_VERSION = 1.0.5;
				PRODUCT_BUNDLE_IDENTIFIER = com.perry.tvremotecontrol;
				PRODUCT_MODULE_NAME = TVRemoteController;
				PRODUCT_NAME = TVRemoteController;
				PROVISIONING_PROFILE_SPECIFIER = "";
				STRING_CATALOG_GENERATE_SYMBOLS = YES;
				SWIFT_APPROACHABLE_CONCURRENCY = YES;
				SWIFT_DEFAULT_ACTOR_ISOLATION = MainActor;
				SWIFT_EMIT_LOC_STRINGS = YES;
				SWIFT_UPCOMING_FEATURE_MEMBER_IMPORT_VISIBILITY = YES;
				SWIFT_VERSION = 5.0;
				TARGETED_DEVICE_FAMILY = 1;
			};
			name = Release;
		};
		2B476FAB2FA331D60003AC16 /* Debug */ = {
			isa = XCBuildConfiguration;
			buildSettings = {
				BUNDLE_LOADER = "$(TEST_HOST)";
				CODE_SIGN_STYLE = Automatic;
				CURRENT_PROJECT_VERSION = 10;
				DEVELOPMENT_TEAM = LSBVPJ7WRY;
				GENERATE_INFOPLIST_FILE = YES;
				IPHONEOS_DEPLOYMENT_TARGET = 18.0;
				MARKETING_VERSION = 1.0.5;
				PRODUCT_BUNDLE_IDENTIFIER = com.perry.TVRemoteControllerTests;
				PRODUCT_NAME = "$(TARGET_NAME)";
				STRING_CATALOG_GENERATE_SYMBOLS = NO;
				SWIFT_APPROACHABLE_CONCURRENCY = YES;
				SWIFT_EMIT_LOC_STRINGS = NO;
				SWIFT_UPCOMING_FEATURE_MEMBER_IMPORT_VISIBILITY = YES;
				SWIFT_VERSION = 5.0;
				TARGETED_DEVICE_FAMILY = 1;
				TEST_HOST = "$(BUILT_PRODUCTS_DIR)/TVRemoteController.app/$(BUNDLE_EXECUTABLE_FOLDER_PATH)/TVRemoteController";
			};
			name = Debug;
		};
		2B476FAC2FA331D60003AC16 /* Release */ = {
			isa = XCBuildConfiguration;
			buildSettings = {
				BUNDLE_LOADER = "$(TEST_HOST)";
				CODE_SIGN_STYLE = Automatic;
				CURRENT_PROJECT_VERSION = 10;
				DEVELOPMENT_TEAM = LSBVPJ7WRY;
				GENERATE_INFOPLIST_FILE = YES;
				IPHONEOS_DEPLOYMENT_TARGET = 18.0;
				MARKETING_VERSION = 1.0.5;
				PRODUCT_BUNDLE_IDENTIFIER = com.perry.TVRemoteControllerTests;
				PRODUCT_NAME = "$(TARGET_NAME)";
				STRING_CATALOG_GENERATE_SYMBOLS = NO;
				SWIFT_APPROACHABLE_CONCURRENCY = YES;
				SWIFT_EMIT_LOC_STRINGS = NO;
				SWIFT_UPCOMING_FEATURE_MEMBER_IMPORT_VISIBILITY = YES;
				SWIFT_VERSION = 5.0;
				TARGETED_DEVICE_FAMILY = 1;
				TEST_HOST = "$(BUILT_PRODUCTS_DIR)/TVRemoteController.app/$(BUNDLE_EXECUTABLE_FOLDER_PATH)/TVRemoteController";
			};
			name = Release;
		};
		2B476FAE2FA331D60003AC16 /* Debug */ = {
			isa = XCBuildConfiguration;
			buildSettings = {
				CODE_SIGN_STYLE = Automatic;
				CURRENT_PROJECT_VERSION = 10;
				DEVELOPMENT_TEAM = LSBVPJ7WRY;
				GENERATE_INFOPLIST_FILE = YES;
				MARKETING_VERSION = 1.0.5;
				PRODUCT_BUNDLE_IDENTIFIER = com.perry.TVRemoteControllerUITests;
				PRODUCT_NAME = "$(TARGET_NAME)";
				STRING_CATALOG_GENERATE_SYMBOLS = NO;
				SWIFT_APPROACHABLE_CONCURRENCY = YES;
				SWIFT_EMIT_LOC_STRINGS = NO;
				SWIFT_UPCOMING_FEATURE_MEMBER_IMPORT_VISIBILITY = YES;
				SWIFT_VERSION = 5.0;
				TARGETED_DEVICE_FAMILY = 1;
				TEST_TARGET_NAME = TVRemoteController;
			};
			name = Debug;
		};
		2B476FAF2FA331D60003AC16 /* Release */ = {
			isa = XCBuildConfiguration;
			buildSettings = {
				CODE_SIGN_STYLE = Automatic;
				CURRENT_PROJECT_VERSION = 10;
				DEVELOPMENT_TEAM = LSBVPJ7WRY;
				GENERATE_INFOPLIST_FILE = YES;
				MARKETING_VERSION = 1.0.5;
				PRODUCT_BUNDLE_IDENTIFIER = com.perry.TVRemoteControllerUITests;
				PRODUCT_NAME = "$(TARGET_NAME)";
				STRING_CATALOG_GENERATE_SYMBOLS = NO;
				SWIFT_APPROACHABLE_CONCURRENCY = YES;
				SWIFT_EMIT_LOC_STRINGS = NO;
				SWIFT_UPCOMING_FEATURE_MEMBER_IMPORT_VISIBILITY = YES;
				SWIFT_VERSION = 5.0;
				TARGETED_DEVICE_FAMILY = 1;
				TEST_TARGET_NAME = TVRemoteController;
			};
			name = Release;
		};
/* End XCBuildConfiguration section */

/* Begin XCConfigurationList section */
		2B476F812FA331D40003AC16 /* Build configuration list for PBXProject "TVRemoteController" */ = {
			isa = XCConfigurationList;
			buildConfigurations = (
				2B476FA52FA331D60003AC16 /* Debug */,
				2B476FA62FA331D60003AC16 /* Release */,
			);
			defaultConfigurationIsVisible = 0;
			defaultConfigurationName = Release;
		};
		2B476FA72FA331D60003AC16 /* Build configuration list for PBXNativeTarget "TVRemoteController" */ = {
			isa = XCConfigurationList;
			buildConfigurations = (
				2B476FA82FA331D60003AC16 /* Debug */,
				2B476FA92FA331D60003AC16 /* Release */,
			);
			defaultConfigurationIsVisible = 0;
			defaultConfigurationName = Release;
		};
		2B476FAA2FA331D60003AC16 /* Build configuration list for PBXNativeTarget "TVRemoteControllerTests" */ = {
			isa = XCConfigurationList;
			buildConfigurations = (
				2B476FAB2FA331D60003AC16 /* Debug */,
				2B476FAC2FA331D60003AC16 /* Release */,
			);
			defaultConfigurationIsVisible = 0;
			defaultConfigurationName = Release;
		};
		2B476FAD2FA331D60003AC16 /* Build configuration list for PBXNativeTarget "TVRemoteControllerUITests" */ = {
			isa = XCConfigurationList;
			buildConfigurations = (
				2B476FAE2FA331D60003AC16 /* Debug */,
				2B476FAF2FA331D60003AC16 /* Release */,
			);
			defaultConfigurationIsVisible = 0;
			defaultConfigurationName = Release;
		};
/* End XCConfigurationList section */

/* Begin XCLocalSwiftPackageReference section */
		2B0000202FA4000000000001 /* XCLocalSwiftPackageReference "Packages/TVRemoteModules" */ = {
			isa = XCLocalSwiftPackageReference;
			relativePath = Packages/TVRemoteModules;
		};
/* End XCLocalSwiftPackageReference section */

/* Begin XCSwiftPackageProductDependency section */
		2B0000102FA4000000000001 /* TVRemoteCore */ = {
			isa = XCSwiftPackageProductDependency;
			package = 2B0000202FA4000000000001 /* XCLocalSwiftPackageReference "Packages/TVRemoteModules" */;
			productName = TVRemoteCore;
		};
		2B0000112FA4000000000001 /* TVRemoteNetworking */ = {
			isa = XCSwiftPackageProductDependency;
			package = 2B0000202FA4000000000001 /* XCLocalSwiftPackageReference "Packages/TVRemoteModules" */;
			productName = TVRemoteNetworking;
		};
/* End XCSwiftPackageProductDependency section */
	};
	rootObject = 2B476F7E2FA331D40003AC16 /* Project object */;
}
